# THIS IS AN AUTOGENERATED FILE. DO NOT EDIT THIS FILE DIRECTLY.
# yarn lockfile v1


turbo-darwin-arm64@2.0.4:
  version "2.0.4"
  resolved "https://registry.npmjs.org/turbo-darwin-arm64/-/turbo-darwin-arm64-2.0.4.tgz"
  integrity sha512-/B1Ih8zPRGVw5vw4SlclOf3C/woJ/2T6ieH6u54KT4wypoaVyaiyMqBcziIXycdObIYr7jQ+raHO7q3mhay9/A==

turbo@^2.0.4:
  version "2.0.4"
  resolved "https://registry.npmjs.org/turbo/-/turbo-2.0.4.tgz"
  integrity sha512-Ilme/2Q5kYw0AeRr+aw3s02+WrEYaY7U8vPnqSZU/jaDG/qd6jHVN6nRWyd/9KXvJGYM69vE6JImoGoyNjLwaw==
  optionalDependencies:
    turbo-darwin-64 "2.0.4"
    turbo-darwin-arm64 "2.0.4"
    turbo-linux-64 "2.0.4"
    turbo-linux-arm64 "2.0.4"
    turbo-windows-64 "2.0.4"
    turbo-windows-arm64 "2.0.4"
